# This file was generated by `uv lock` and is used for reproducible installs.
# Do NOT edit this file manually. Re-generate with: uv lock
# uv version: 0.2.18

version = 1
requires-python = ">=3.11"

[[package]]
name = "annotated-types"
version = "0.7.0"
source = { registry = "https://pypi.org/simple" }
sdist = { url = "https://files.pythonhosted.org/packages/annotated_types-0.7.0.tar.gz", hash = "sha256:aff07c09a53a08bc8cfccb9c85b05f1aa9a2a6f23728d790723543408344ce89" }
wheels = [{ url = "https://files.pythonhosted.org/packages/annotated_types-0.7.0-py3-none-any.whl", hash = "sha256:1f02e8b43a8fbbc3f3e0d4f0f4bfc8131bcb4eebe8849b8e5c773f3a1c582a53" }]

[[package]]
name = "anyio"
version = "4.4.0"
source = { registry = "https://pypi.org/simple" }
dependencies = ["idna>=2.8", "sniffio>=1.1"]
sdist = { url = "https://files.pythonhosted.org/packages/anyio-4.4.0.tar.gz", hash = "sha256:5aadc6a1fb5ded1036a1ad2e09f5c6b63e12a3b522e03cbba28c67e6f1d1e00b" }
wheels = [{ url = "https://files.pythonhosted.org/packages/anyio-4.4.0-py3-none-any.whl", hash = "sha256:c1077ffab59c916c52f26a648800c7d0d8e3c0f57b8d62a0cfe8f4bb01a25ef4" }]

[[package]]
name = "certifi"
version = "2024.6.2"
source = { registry = "https://pypi.org/simple" }
sdist = { url = "https://files.pythonhosted.org/packages/certifi-2024.6.2.tar.gz", hash = "sha256:3cd43f1c6fa7dedc5899d69d3a0d620916b5041bd0bc67df2c34cd4954c39a30" }
wheels = [{ url = "https://files.pythonhosted.org/packages/certifi-2024.6.2-py3-none-any.whl", hash = "sha256:ddc6c8ce995e6987e7faf5e3f1b02b302836a0e5d98ece18392cb1a36c72ad56" }]

[[package]]
name = "click"
version = "8.1.7"
source = { registry = "https://pypi.org/simple" }
dependencies = ["colorama; sys_platform == 'win32'"]
sdist = { url = "https://files.pythonhosted.org/packages/click-8.1.7.tar.gz", hash = "sha256:ca9853ad459e787e2192211578cc907e7594e294c7ccc834310722b41b9ca6de" }
wheels = [{ url = "https://files.pythonhosted.org/packages/click-8.1.7-py3-none-any.whl", hash = "sha256:ae74fb96c20a0277a1d615f1e4d73c8414f5a98db8b799a7931d1582f3390c28" }]

[[package]]
name = "colorama"
version = "0.4.6"
source = { registry = "https://pypi.org/simple" }
sdist = { url = "https://files.pythonhosted.org/packages/colorama-0.4.6.tar.gz", hash = "sha256:08695f5cb7ed6e0531a20572697297d14cfbb0430c48b48aea5965703ef64f2c" }
wheels = [{ url = "https://files.pythonhosted.org/packages/colorama-0.4.6-py2.py3-none-any.whl", hash = "sha256:4f1d9991f5acc0ca119f9d443620b77f9d6b33703e51011c16baf57afb285fc6" }]

[[package]]
name = "distro"
version = "1.9.0"
source = { registry = "https://pypi.org/simple" }
sdist = { url = "https://files.pythonhosted.org/packages/distro-1.9.0.tar.gz", hash = "sha256:2fa77c6fd8940f116ee1d6b94a2f90b13b5ea8d019b98bc8bafdcabcdd9bdbed" }
wheels = [{ url = "https://files.pythonhosted.org/packages/distro-1.9.0-py3-none-any.whl", hash = "sha256:7bffd925d65168f85027d8da9af6bddab658135b840670a223589bc0c8ef02b2" }]

[[package]]
name = "fastapi"
version = "0.111.0"
source = { registry = "https://pypi.org/simple" }
dependencies = [
    "pydantic>=2.7.1",
    "starlette>=0.37.2",
    "typing-extensions>=4.8.0",
]
sdist = { url = "https://files.pythonhosted.org/packages/fastapi-0.111.0.tar.gz", hash = "sha256:b9db9dd147c91cb8b769f7183535773d8741dd46f9dc6676cd82eab510228cd7" }
wheels = [{ url = "https://files.pythonhosted.org/packages/fastapi-0.111.0-py3-none-any.whl", hash = "sha256:97ecbf994be0bcbdadedf88c3150252bed7b2087075ac99735403b1b76cc8fc0" }]

[[package]]
name = "fastapi-cli"
version = "0.0.4"
source = { registry = "https://pypi.org/simple" }
dependencies = ["typer>=0.12.3"]
sdist = { url = "https://files.pythonhosted.org/packages/fastapi_cli-0.0.4.tar.gz", hash = "sha256:e2cf9b2918a0cf1e77a3bf3eda6f1e0a0f1d7b3c4c618ab4a8cf7d4c22c87fd4" }
wheels = [{ url = "https://files.pythonhosted.org/packages/fastapi_cli-0.0.4-py3-none-any.whl", hash = "sha256:03ad4959c3ed9898f5c9dfc32499e0f6e0a5b848eaf5e5a24d54adb6b3d69022" }]

[[package]]
name = "gradio"
version = "4.37.2"
source = { registry = "https://pypi.org/simple" }
dependencies = [
    "aiofiles>=22.0",
    "anyio>=3.0",
    "fastapi",
    "httpx>=0.24.1",
    "huggingface-hub>=0.19.3",
    "importlib-resources>=1.3",
    "jinja2>=3.0",
    "markupsafe",
    "orjson>=3.9.15",
    "packaging>=21.3",
    "pillow>=9.0.0",
    "pydantic>=2.0",
    "python-multipart>=0.0.9",
    "pyyaml>=5.0",
    "ruff>=0.2.2",
    "semantic-version>=2.0",
    "tomlkit>=0.12.0",
    "typer>=0.12.0",
    "typing-extensions>=4.0.0",
    "uvicorn>=0.14.0",
]
sdist = { url = "https://files.pythonhosted.org/packages/gradio-4.37.2.tar.gz", hash = "sha256:a4c541a4d1559c49e74c79d6f0e7e821c2de1ab1cf94b9a80dc2d36c0e92f82c" }
wheels = [{ url = "https://files.pythonhosted.org/packages/gradio-4.37.2-py3-none-any.whl", hash = "sha256:b88dd7a6b1b897ad88a4f2c7fdb4c04b31be28b6fbad4e6c44b1ce3f22b55b7e" }]

[[package]]
name = "h11"
version = "0.14.0"
source = { registry = "https://pypi.org/simple" }
sdist = { url = "https://files.pythonhosted.org/packages/h11-0.14.0.tar.gz", hash = "sha256:8f19fbbe99e72420ff35c00b27a34cb9937e902a8b810e2c88300c9f0a1178e6" }
wheels = [{ url = "https://files.pythonhosted.org/packages/h11-0.14.0-py3-none-any.whl", hash = "sha256:e3fe4f0903a1a34f8c2a6e2fa7f8a1a73e9f7361ab6ee638f8d3cbdb9c36e2e8" }]

[[package]]
name = "httpcore"
version = "1.0.5"
source = { registry = "https://pypi.org/simple" }
dependencies = ["certifi", "h11>=0.13,<0.15"]
sdist = { url = "https://files.pythonhosted.org/packages/httpcore-1.0.5.tar.gz", hash = "sha256:34a38e2f9502467b21f51b1b4e09780ea4371d1f27fa0d3ddc5e89f84c7e19c0" }
wheels = [{ url = "https://files.pythonhosted.org/packages/httpcore-1.0.5-py3-none-any.whl", hash = "sha256:421f18bac248b25d310f3cacd198d55b8e6125c107dfd9af20821ba0c54f42e3" }]

[[package]]
name = "httpx"
version = "0.27.0"
source = { registry = "https://pypi.org/simple" }
dependencies = ["anyio", "certifi", "httpcore>=1.0.0,<2", "idna", "sniffio"]
sdist = { url = "https://files.pythonhosted.org/packages/httpx-0.27.0.tar.gz", hash = "sha256:a0cb88a46f32dc874e04ee956e4c2764aba2aa228f650b06788ba6bda2962ab5" }
wheels = [{ url = "https://files.pythonhosted.org/packages/httpx-0.27.0-py3-none-any.whl", hash = "sha256:71d6ef2f4b9cf6e6f8ebc5b08b3a8d31b6d46da05b8a63c1bb2c8b95c5dddcf" }]

[[package]]
name = "huggingface-hub"
version = "0.23.4"
source = { registry = "https://pypi.org/simple" }
dependencies = [
    "filelock",
    "fsspec>=2023.5.0",
    "packaging>=20.9",
    "pyyaml>=5.1",
    "requests",
    "tqdm>=4.42.1",
    "typing-extensions>=3.7.4.3",
]
sdist = { url = "https://files.pythonhosted.org/packages/huggingface_hub-0.23.4.tar.gz", hash = "sha256:35d99016433900e44ae7efe1c209164a6a71f75be5d6062d1de2ef85b32e91c5" }
wheels = [{ url = "https://files.pythonhosted.org/packages/huggingface_hub-0.23.4-py3-none-any.whl", hash = "sha256:3b4f58ca4b4eca7c943d9efc7f88f09e91e2a20a27cd5f4d9c00c2965f85e06a" }]

[[package]]
name = "idna"
version = "3.7"
source = { registry = "https://pypi.org/simple" }
sdist = { url = "https://files.pythonhosted.org/packages/idna-3.7.tar.gz", hash = "sha256:028ff3aadf0609c1fd278d272d1bb31c145de1e166bafb9c1cd0a7a56f4a04d2" }
wheels = [{ url = "https://files.pythonhosted.org/packages/idna-3.7-py3-none-any.whl", hash = "sha256:82fee1fc78add43492d0a1200fe0090cda0b85f1f6829e53e84a49db4d6b684b" }]

[[package]]
name = "jinja2"
version = "3.1.4"
source = { registry = "https://pypi.org/simple" }
dependencies = ["markupsafe>=2.0"]
sdist = { url = "https://files.pythonhosted.org/packages/jinja2-3.1.4.tar.gz", hash = "sha256:4a3aee7acbbe7303aede8e9648d13b8bf88a429282aa6122a993f0ac800cb369" }
wheels = [{ url = "https://files.pythonhosted.org/packages/jinja2-3.1.4-py3-none-any.whl", hash = "sha256:bc5dd2abb727a5319567b7a813e6a2e7318c39f4f487cfe6c89c6f9c7d25197d" }]

[[package]]
name = "markupsafe"
version = "2.1.5"
source = { registry = "https://pypi.org/simple" }
sdist = { url = "https://files.pythonhosted.org/packages/markupsafe-2.1.5.tar.gz", hash = "sha256:d283d37a890ba4c1ae73ffadf3e96a1a70634d7e6a89b4c1b5f7ee57de1c628f" }
wheels = [{ url = "https://files.pythonhosted.org/packages/markupsafe-2.1.5-cp311-cp311-manylinux_2_17_x86_64.manylinux2014_x86_64.whl", hash = "sha256:7502934a33b54030eaf1194c21c692a534196063db72176b0c4028e140f8f32c" }]

[[package]]
name = "openai"
version = "1.30.1"
source = { registry = "https://pypi.org/simple" }
dependencies = [
    "anyio>=3.5.0,<5",
    "distro>=1.7.0,<2",
    "httpx>=0.23.0,<1",
    "pydantic>=1.9.0,<3",
    "sniffio",
    "tqdm>4",
    "typing-extensions>=4.7,<5",
]
sdist = { url = "https://files.pythonhosted.org/packages/openai-1.30.1.tar.gz", hash = "sha256:6b7b80c455eef9b9ae84dc395aa88f5ab1c1bb14e591e4680f93d4571fe1d9de" }
wheels = [{ url = "https://files.pythonhosted.org/packages/openai-1.30.1-py3-none-any.whl", hash = "sha256:dd1b0f98b0c6a0bde4b3f4eb46e9d7bccd23f3da3eb7b74d3a81e3fa1ec54c6b" }]

[[package]]
name = "openenv-my-env-v4"
version = "1.0.0"
source = { editable = "." }
dependencies = [
    "anyio>=4.4.0",
    "fastapi>=0.111.0",
    "gradio>=4.37.2",
    "httpx>=0.27.0",
    "openai>=1.30.1",
    "pydantic>=2.7.1",
    "python-dotenv>=1.0.1",
    "python-multipart>=0.0.9",
    "pyyaml>=6.0.1",
    "requests>=2.32.3",
    "starlette>=0.37.2",
    "typing-extensions>=4.11.0",
    "uvicorn[standard]>=0.30.1",
]

[package.dev-dependencies]
dev = [
    "black>=24.4.2",
    "httpx>=0.27.0",
    "mypy>=1.10.0",
    "pytest>=8.2.0",
    "pytest-asyncio>=0.23.7",
    "ruff>=0.4.7",
]

[[package]]
name = "packaging"
version = "24.1"
source = { registry = "https://pypi.org/simple" }
sdist = { url = "https://files.pythonhosted.org/packages/packaging-24.1.tar.gz", hash = "sha256:026ed72c8ed3fcce5bf8950572258698927fd1dbda10a5e981cdf0ac37f4f002" }
wheels = [{ url = "https://files.pythonhosted.org/packages/packaging-24.1-py3-none-any.whl", hash = "sha256:5b8f2217dbdbd2f7f384c41c628544e6d52f2d0f53c6d0c3ea61aa5d1d7ff124" }]

[[package]]
name = "pydantic"
version = "2.7.1"
source = { registry = "https://pypi.org/simple" }
dependencies = [
    "annotated-types>=0.4.0",
    "pydantic-core==2.18.2",
    "typing-extensions>=4.6.1",
]
sdist = { url = "https://files.pythonhosted.org/packages/pydantic-2.7.1.tar.gz", hash = "sha256:e9dbb5eada8abe4d9ae5f46b9939aead650cd2b68f249bb3a8139dbe125803cc" }
wheels = [{ url = "https://files.pythonhosted.org/packages/pydantic-2.7.1-py3-none-any.whl", hash = "sha256:dfa19e7bde2f62831b5a84d6d4e12d7459ed23c87bd706b3e3dad47b9de59e91" }]

[[package]]
name = "pydantic-core"
version = "2.18.2"
source = { registry = "https://pypi.org/simple" }
dependencies = ["typing-extensions>=4.6.0,!=4.7.0"]
sdist = { url = "https://files.pythonhosted.org/packages/pydantic_core-2.18.2.tar.gz", hash = "sha256:2e29d20810dfc3043ee13ac7d9e25105799817683348823f305ab3f349b9386e" }
wheels = [{ url = "https://files.pythonhosted.org/packages/pydantic_core-2.18.2-cp311-cp311-manylinux_2_17_x86_64.manylinux2014_x86_64.whl", hash = "sha256:a9ea74069a00f2d7f787d2ba0769e14e43e14ea11406d6dc8f83b03a15f7f4fc" }]

[[package]]
name = "python-dotenv"
version = "1.0.1"
source = { registry = "https://pypi.org/simple" }
sdist = { url = "https://files.pythonhosted.org/packages/python_dotenv-1.0.1.tar.gz", hash = "sha256:e324ee90a023d808f1959c46bcbc04446a10ced277783dc6ee09987c37ec10ca" }
wheels = [{ url = "https://files.pythonhosted.org/packages/python_dotenv-1.0.1-py3-none-any.whl", hash = "sha256:f7b63ef50f1b690ddad7eb0574c19fd80ff3c5d22f5d0b4bec0b09c645e10a71" }]

[[package]]
name = "python-multipart"
version = "0.0.9"
source = { registry = "https://pypi.org/simple" }
sdist = { url = "https://files.pythonhosted.org/packages/python_multipart-0.0.9.tar.gz", hash = "sha256:03f54688c663f1b7977105f021043b0793151e4cb1c1a9d4a11fc13d622c4026" }
wheels = [{ url = "https://files.pythonhosted.org/packages/python_multipart-0.0.9-py3-none-any.whl", hash = "sha256:97ca7b8ea7b05f977dc3849c3ba99d51689822fab725c3703af7c866a0eca066" }]

[[package]]
name = "pyyaml"
version = "6.0.1"
source = { registry = "https://pypi.org/simple" }
sdist = { url = "https://files.pythonhosted.org/packages/pyyaml-6.0.1.tar.gz", hash = "sha256:bfdf460b1736c775f2ba9f6a92bca30bc2095067b8a9d77876d1fad6cc3b4a43" }
wheels = [{ url = "https://files.pythonhosted.org/packages/pyyaml-6.0.1-cp311-cp311-manylinux_2_17_x86_64.manylinux2014_x86_64.whl", hash = "sha256:d1b0254f63e68d3f66e6b50b1bf4b93e3543b51c13b6a8d36e8348b58f5da5a0" }]

[[package]]
name = "requests"
version = "2.32.3"
source = { registry = "https://pypi.org/simple" }
dependencies = ["certifi>=2017.4.17", "charset-normalizer>=2,<4", "idna>=2.5,<4", "urllib3>=1.21.1,<3"]
sdist = { url = "https://files.pythonhosted.org/packages/requests-2.32.3.tar.gz", hash = "sha256:55365417734eb18255590a9f9905d0d6a28cdef3feff76c1680ef5d6a63a6e5e" }
wheels = [{ url = "https://files.pythonhosted.org/packages/requests-2.32.3-py3-none-any.whl", hash = "sha256:70761cfe03c773ceb22aa2f671b4757976145175cdfca038c02654d061d6dcc6" }]

[[package]]
name = "sniffio"
version = "1.3.1"
source = { registry = "https://pypi.org/simple" }
sdist = { url = "https://files.pythonhosted.org/packages/sniffio-1.3.1.tar.gz", hash = "sha256:f4324edc670a0f49750a81b895f35c3a579986dc8ee4b21fd851eaed4950e2f2" }
wheels = [{ url = "https://files.pythonhosted.org/packages/sniffio-1.3.1-py3-none-any.whl", hash = "sha256:2f6da418d1f1e0fddd844478f41680e794e6051915791a034ff65e5f100525a2" }]

[[package]]
name = "starlette"
version = "0.37.2"
source = { registry = "https://pypi.org/simple" }
dependencies = ["anyio>=3.4.0,<5"]
sdist = { url = "https://files.pythonhosted.org/packages/starlette-0.37.2.tar.gz", hash = "sha256:9af890290133b79fc3db55474ade20f6220a364a0402e0b556e7cd5e1e093823" }
wheels = [{ url = "https://files.pythonhosted.org/packages/starlette-0.37.2-py3-none-any.whl", hash = "sha256:7c97f7e7e3f8efe3df7e04528ccf01d5fdf44b59bcaa4cb5ca35d5dd5e4f406e" }]

[[package]]
name = "tqdm"
version = "4.66.4"
source = { registry = "https://pypi.org/simple" }
sdist = { url = "https://files.pythonhosted.org/packages/tqdm-4.66.4.tar.gz", hash = "sha256:e4d936c9de8727928f3be6079590e97d9abfe8d39a590be678eb5919ffc186bb" }
wheels = [{ url = "https://files.pythonhosted.org/packages/tqdm-4.66.4-py3-none-any.whl", hash = "sha256:b75ca56b413b030bc3f00af51fd2c1a1a5eac6a0c6cdc965b4d764b2cf3a595f" }]

[[package]]
name = "typer"
version = "0.12.3"
source = { registry = "https://pypi.org/simple" }
dependencies = ["click>=8.0.0", "rich>=10.11.0", "shellingham>=1.3.0", "typing-extensions>=3.7.4.3"]
sdist = { url = "https://files.pythonhosted.org/packages/typer-0.12.3.tar.gz", hash = "sha256:49e73d3c247c3d5ed95f6af079cc3f5c2d7f7e6c64437a31b279c4a3b6d9e26c" }
wheels = [{ url = "https://files.pythonhosted.org/packages/typer-0.12.3-py3-none-any.whl", hash = "sha256:070d7ca53f785acbccba8e7d28b08dcd88f79f1fbda035cf394fd098510039fb" }]

[[package]]
name = "typing-extensions"
version = "4.11.0"
source = { registry = "https://pypi.org/simple" }
sdist = { url = "https://files.pythonhosted.org/packages/typing_extensions-4.11.0.tar.gz", hash = "sha256:83f085bd5ca59c80295fc2a82ab5dac679cbe02b9f33f7d83af68e241bea51b0" }
wheels = [{ url = "https://files.pythonhosted.org/packages/typing_extensions-4.11.0-py3-none-any.whl", hash = "sha256:c1f94d72897cfeaf9dfed77d48e5d3c984a5fa85d73dcf1af7f1e4a6a10ed452" }]

[[package]]
name = "urllib3"
version = "2.2.1"
source = { registry = "https://pypi.org/simple" }
sdist = { url = "https://files.pythonhosted.org/packages/urllib3-2.2.1.tar.gz", hash = "sha256:d0570876c61ab9e520d776c38acbbb5b05a776d3f9ff98a5c8fd5162a444cf19" }
wheels = [{ url = "https://files.pythonhosted.org/packages/urllib3-2.2.1-py3-none-any.whl", hash = "sha256:450b20ec296a467077128bff42b73080516e71b56ff59a60a02bef2232c4fa9d" }]

[[package]]
name = "uvicorn"
version = "0.30.1"
source = { registry = "https://pypi.org/simple" }
dependencies = ["click>=7.0", "h11>=0.8"]
sdist = { url = "https://files.pythonhosted.org/packages/uvicorn-0.30.1.tar.gz", hash = "sha256:16f8f50700f4b4ef0d73be0b4be5da4ffef9c2fa8d7a3dd53c7da61fb3e2e9b9" }
wheels = [{ url = "https://files.pythonhosted.org/packages/uvicorn-0.30.1-py3-none-any.whl", hash = "sha256:2d6eba5a98cc4595a51c88fa1db9eb6bc2d5c39ce4db4de9d7d835085b8e6568" }]

[package.optional-dependencies]
standard = [
    "httptools>=0.5.0",
    "python-dotenv>=0.13",
    "uvloop!=0.15.0,!=0.15.1,>=0.14.0; sys_platform != 'win32' and sys_platform != 'cygwin' and platform_python_implementation != 'PyPy'",
    "watchfiles>=0.13",
    "websockets>=10.4",
]
